
Microsoft Visual Studio Solution File, Format Version 12.00
# Visual Studio Version 16
VisualStudioVersion = 16.0.29102.190
MinimumVisualStudioVersion = 10.0.40219.1
Project("{8BC9CEB8-8B4A-11D0-8D11-00A0C91BC942}") = "167 Pintando Fractales", "167 Pintando Fractales\167 Pintando Fractales.vcxproj", "{100660AE-AFCA-4393-A08B-61AA805BFB05}"
EndProject
Global
	GlobalSection(SolutionConfigurationPlatforms) = preSolution
		Debug|x64 = Debug|x64
		Debug|x86 = Debug|x86
		Release|x64 = Release|x64
		Release|x86 = Release|x86
	EndGlobalSection
	GlobalSection(ProjectConfigurationPlatforms) = postSolution
		{100660AE-AFCA-4393-A08B-61AA805BFB05}.Debug|x64.ActiveCfg = Debug|x64
		{100660AE-AFCA-4393-A08B-61AA805BFB05}.Debug|x64.Build.0 = Debug|x64
		{100660AE-AFCA-4393-A08B-61AA805BFB05}.Debug|x86.ActiveCfg = Debug|Win32
		{100660AE-AFCA-4393-A08B-61AA805BFB05}.Debug|x86.Build.0 = Debug|Win32
		{100660AE-AFCA-4393-A08B-61AA805BFB05}.Release|x64.ActiveCfg = Release|x64
		{100660AE-AFCA-4393-A08B-61AA805BFB05}.Release|x64.Build.0 = Release|x64
		{100660AE-AFCA-4393-A08B-61AA805BFB05}.Release|x86.ActiveCfg = Release|Win32
		{100660AE-AFCA-4393-A08B-61AA805BFB05}.Release|x86.Build.0 = Release|Win32
	EndGlobalSection
	GlobalSection(SolutionProperties) = preSolution
		HideSolutionNode = FALSE
	EndGlobalSection
	GlobalSection(ExtensibilityGlobals) = postSolution
		SolutionGuid = {8A940352-210A-4F5A-8A5B-930CD050427D}
	EndGlobalSection
EndGlobal
